
Microsoft Visual Studio Solution File, Format Version 12.00
# Visual Studio 15
VisualStudioVersion = 15.0.28307.539
MinimumVisualStudioVersion = 10.0.40219.1
Project("{FAE04EC0-301F-11D3-BF4B-00C04F79EFBC}") = "GB_Arch_Patterns_02", "GB_Arch_Patterns_02\GB_Arch_Patterns_02.csproj", "{D62CAEC2-CFBF-475D-9D21-B90C96951165}"
EndProject
Project("{FAE04EC0-301F-11D3-BF4B-00C04F79EFBC}") = "Ex101", "F:\Educational materials\IT\Geek Brains\Geek Brains ArchPatternsC#\Patterns.all\Ex101\Ex101.csproj", "{00913D31-34E0-49EA-8785-5AC6BB365FF5}"
EndProject
Project("{FAE04EC0-301F-11D3-BF4B-00C04F79EFBC}") = "Ex102", "F:\Educational materials\IT\Geek Brains\Geek Brains ArchPatternsC#\Patterns.all\Ex102\Ex102.csproj", "{F3B73192-C9E3-4AEE-A8BE-DA4D146293B4}"
EndProject
Project("{FAE04EC0-301F-11D3-BF4B-00C04F79EFBC}") = "Ex103", "F:\Educational materials\IT\Geek Brains\Geek Brains ArchPatternsC#\Patterns.all\Ex103\Ex103.csproj", "{94B71DFF-E0D9-4118-8E63-128D8D4F1AE1}"
EndProject
Project("{FAE04EC0-301F-11D3-BF4B-00C04F79EFBC}") = "Ex104", "F:\Educational materials\IT\Geek Brains\Geek Brains ArchPatternsC#\Patterns.all\Ex104\Ex104.csproj", "{3C795C68-B2F4-44DB-8671-7E25ABD0B326}"
EndProject
Global
	GlobalSection(SolutionConfigurationPlatforms) = preSolution
		Debug|Any CPU = Debug|Any CPU
		Release|Any CPU = Release|Any CPU
	EndGlobalSection
	GlobalSection(ProjectConfigurationPlatforms) = postSolution
		{D62CAEC2-CFBF-475D-9D21-B90C96951165}.Debug|Any CPU.ActiveCfg = Debug|Any CPU
		{D62CAEC2-CFBF-475D-9D21-B90C96951165}.Debug|Any CPU.Build.0 = Debug|Any CPU
		{D62CAEC2-CFBF-475D-9D21-B90C96951165}.Release|Any CPU.ActiveCfg = Release|Any CPU
		{D62CAEC2-CFBF-475D-9D21-B90C96951165}.Release|Any CPU.Build.0 = Release|Any CPU
		{00913D31-34E0-49EA-8785-5AC6BB365FF5}.Debug|Any CPU.ActiveCfg = Debug|Any CPU
		{00913D31-34E0-49EA-8785-5AC6BB365FF5}.Debug|Any CPU.Build.0 = Debug|Any CPU
		{00913D31-34E0-49EA-8785-5AC6BB365FF5}.Release|Any CPU.ActiveCfg = Release|Any CPU
		{00913D31-34E0-49EA-8785-5AC6BB365FF5}.Release|Any CPU.Build.0 = Release|Any CPU
		{F3B73192-C9E3-4AEE-A8BE-DA4D146293B4}.Debug|Any CPU.ActiveCfg = Debug|Any CPU
		{F3B73192-C9E3-4AEE-A8BE-DA4D146293B4}.Debug|Any CPU.Build.0 = Debug|Any CPU
		{F3B73192-C9E3-4AEE-A8BE-DA4D146293B4}.Release|Any CPU.ActiveCfg = Release|Any CPU
		{F3B73192-C9E3-4AEE-A8BE-DA4D146293B4}.Release|Any CPU.Build.0 = Release|Any CPU
		{94B71DFF-E0D9-4118-8E63-128D8D4F1AE1}.Debug|Any CPU.ActiveCfg = Debug|Any CPU
		{94B71DFF-E0D9-4118-8E63-128D8D4F1AE1}.Debug|Any CPU.Build.0 = Debug|Any CPU
		{94B71DFF-E0D9-4118-8E63-128D8D4F1AE1}.Release|Any CPU.ActiveCfg = Release|Any CPU
		{94B71DFF-E0D9-4118-8E63-128D8D4F1AE1}.Release|Any CPU.Build.0 = Release|Any CPU
		{3C795C68-B2F4-44DB-8671-7E25ABD0B326}.Debug|Any CPU.ActiveCfg = Debug|Any CPU
		{3C795C68-B2F4-44DB-8671-7E25ABD0B326}.Debug|Any CPU.Build.0 = Debug|Any CPU
		{3C795C68-B2F4-44DB-8671-7E25ABD0B326}.Release|Any CPU.ActiveCfg = Release|Any CPU
		{3C795C68-B2F4-44DB-8671-7E25ABD0B326}.Release|Any CPU.Build.0 = Release|Any CPU
	EndGlobalSection
	GlobalSection(SolutionProperties) = preSolution
		HideSolutionNode = FALSE
	EndGlobalSection
	GlobalSection(ExtensibilityGlobals) = postSolution
		SolutionGuid = {EF395648-B092-4325-8FE5-C932F4A2DDB1}
	EndGlobalSection
EndGlobal
