
Microsoft Visual Studio Solution File, Format Version 12.00
# Visual Studio 15
VisualStudioVersion = 15.0.28307.539
MinimumVisualStudioVersion = 10.0.40219.1
Project("{FAE04EC0-301F-11D3-BF4B-00C04F79EFBC}") = "GB_Arch_Patterns_02", "GB_Arch_Patterns_02\GB_Arch_Patterns_02.csproj", "{D62CAEC2-CFBF-475D-9D21-B90C96951165}"
EndProject
Project("{FAE04EC0-301F-11D3-BF4B-00C04F79EFBC}") = "Ex101", "F:\Educational materials\IT\Geek Brains\Geek Brains ArchPatternsC#\Patterns.all\Ex101\Ex101.csproj", "{00913D31-34E0-49EA-8785-5AC6BB365FF5}"
EndProject
Project("{FAE04EC0-301F-11D3-BF4B-00C04F79EFBC}") = "Ex102", "F:\Educational materials\IT\Geek Brains\Geek Brains ArchPatternsC#\Patterns.all\Ex102\Ex102.csproj", "{F3B73192-C9E3-4AEE-A8BE-DA4D146293B4}"
EndProject
Project("{FAE04EC0-301F-11D3-BF4B-00C04F79EFBC}") = "Ex103", "F:\Educational materials\IT\Geek Brains\Geek Brains ArchPatternsC#\Patterns.all\Ex103\Ex103.csproj", "{94B71DFF-E0D9-4118-8E63-128D8D4F1AE1}"
EndProject
Project("{FAE04EC0-301F-11D3-BF4B-00C04F79EFBC}") = "Ex104", "F:\Educational materials\IT\Geek Brains\Geek Brains ArchPatternsC#\Patterns.all\Ex104\Ex104.csproj", "{3C795C68-B2F4-44DB-8671-7E25ABD0B326}"
EndProject
Project("{FAE04EC0-301F-11D3-BF4B-00C04F79EFBC}") = "Ex105", "F:\Educational materials\IT\Geek Brains\Geek Brains ArchPatternsC#\Patterns.all\Ex105\Ex105.csproj", "{FBAA0F9D-BE5A-48F3-A7AC-61C401824EF6}"
EndProject
Project("{FAE04EC0-301F-11D3-BF4B-00C04F79EFBC}") = "Ex111", "F:\Educational materials\IT\Geek Brains\Geek Brains ArchPatternsC#\Patterns.all\Ex111\Ex111.csproj", "{5016C205-5D08-4270-846A-4162770EDF97}"
EndProject
Project("{FAE04EC0-301F-11D3-BF4B-00C04F79EFBC}") = "Ex112", "F:\Educational materials\IT\Geek Brains\Geek Brains ArchPatternsC#\Patterns.all\Ex112\Ex112.csproj", "{63D72331-FDF3-4C5B-94BB-DF76D96EE262}"
EndProject
Project("{FAE04EC0-301F-11D3-BF4B-00C04F79EFBC}") = "Ex121", "F:\Educational materials\IT\Geek Brains\Geek Brains ArchPatternsC#\Patterns.all\Ex121\Ex121.csproj", "{CFF23FB2-FDE6-4104-85A8-5A3E45D87DBA}"
EndProject
Project("{FAE04EC0-301F-11D3-BF4B-00C04F79EFBC}") = "Ex122", "F:\Educational materials\IT\Geek Brains\04.Fourth quarter study\Geek Brains ArchPatternsC#\Patterns.all\Ex122\Ex122.csproj", "{DF14AACE-E975-4931-BF9C-B50F2AE4A97A}"
EndProject
Project("{FAE04EC0-301F-11D3-BF4B-00C04F79EFBC}") = "Ex123", "F:\Educational materials\IT\GB\GB04\GB Arch&Patterns\Patterns.all+\Ex123\Ex123.csproj", "{12869BAE-B70C-425D-BCA5-EA2FBCA6C382}"
EndProject
Project("{FAE04EC0-301F-11D3-BF4B-00C04F79EFBC}") = "Ex1310", "F:\Educational materials\IT\GB\GB04\GB Arch&Patterns\Patterns.all\Ex131\Ex1310.csproj", "{9F21678B-CC94-4156-B6F8-A0B766D5FEF1}"
EndProject
Global
	GlobalSection(SolutionConfigurationPlatforms) = preSolution
		Debug|Any CPU = Debug|Any CPU
		Release|Any CPU = Release|Any CPU
	EndGlobalSection
	GlobalSection(ProjectConfigurationPlatforms) = postSolution
		{D62CAEC2-CFBF-475D-9D21-B90C96951165}.Debug|Any CPU.ActiveCfg = Debug|Any CPU
		{D62CAEC2-CFBF-475D-9D21-B90C96951165}.Debug|Any CPU.Build.0 = Debug|Any CPU
		{D62CAEC2-CFBF-475D-9D21-B90C96951165}.Release|Any CPU.ActiveCfg = Release|Any CPU
		{D62CAEC2-CFBF-475D-9D21-B90C96951165}.Release|Any CPU.Build.0 = Release|Any CPU
		{00913D31-34E0-49EA-8785-5AC6BB365FF5}.Debug|Any CPU.ActiveCfg = Debug|Any CPU
		{00913D31-34E0-49EA-8785-5AC6BB365FF5}.Debug|Any CPU.Build.0 = Debug|Any CPU
		{00913D31-34E0-49EA-8785-5AC6BB365FF5}.Release|Any CPU.ActiveCfg = Release|Any CPU
		{00913D31-34E0-49EA-8785-5AC6BB365FF5}.Release|Any CPU.Build.0 = Release|Any CPU
		{F3B73192-C9E3-4AEE-A8BE-DA4D146293B4}.Debug|Any CPU.ActiveCfg = Debug|Any CPU
		{F3B73192-C9E3-4AEE-A8BE-DA4D146293B4}.Debug|Any CPU.Build.0 = Debug|Any CPU
		{F3B73192-C9E3-4AEE-A8BE-DA4D146293B4}.Release|Any CPU.ActiveCfg = Release|Any CPU
		{F3B73192-C9E3-4AEE-A8BE-DA4D146293B4}.Release|Any CPU.Build.0 = Release|Any CPU
		{94B71DFF-E0D9-4118-8E63-128D8D4F1AE1}.Debug|Any CPU.ActiveCfg = Debug|Any CPU
		{94B71DFF-E0D9-4118-8E63-128D8D4F1AE1}.Debug|Any CPU.Build.0 = Debug|Any CPU
		{94B71DFF-E0D9-4118-8E63-128D8D4F1AE1}.Release|Any CPU.ActiveCfg = Release|Any CPU
		{94B71DFF-E0D9-4118-8E63-128D8D4F1AE1}.Release|Any CPU.Build.0 = Release|Any CPU
		{3C795C68-B2F4-44DB-8671-7E25ABD0B326}.Debug|Any CPU.ActiveCfg = Debug|Any CPU
		{3C795C68-B2F4-44DB-8671-7E25ABD0B326}.Debug|Any CPU.Build.0 = Debug|Any CPU
		{3C795C68-B2F4-44DB-8671-7E25ABD0B326}.Release|Any CPU.ActiveCfg = Release|Any CPU
		{3C795C68-B2F4-44DB-8671-7E25ABD0B326}.Release|Any CPU.Build.0 = Release|Any CPU
		{FBAA0F9D-BE5A-48F3-A7AC-61C401824EF6}.Debug|Any CPU.ActiveCfg = Debug|Any CPU
		{FBAA0F9D-BE5A-48F3-A7AC-61C401824EF6}.Debug|Any CPU.Build.0 = Debug|Any CPU
		{FBAA0F9D-BE5A-48F3-A7AC-61C401824EF6}.Release|Any CPU.ActiveCfg = Release|Any CPU
		{FBAA0F9D-BE5A-48F3-A7AC-61C401824EF6}.Release|Any CPU.Build.0 = Release|Any CPU
		{5016C205-5D08-4270-846A-4162770EDF97}.Debug|Any CPU.ActiveCfg = Debug|Any CPU
		{5016C205-5D08-4270-846A-4162770EDF97}.Debug|Any CPU.Build.0 = Debug|Any CPU
		{5016C205-5D08-4270-846A-4162770EDF97}.Release|Any CPU.ActiveCfg = Release|Any CPU
		{5016C205-5D08-4270-846A-4162770EDF97}.Release|Any CPU.Build.0 = Release|Any CPU
		{63D72331-FDF3-4C5B-94BB-DF76D96EE262}.Debug|Any CPU.ActiveCfg = Debug|Any CPU
		{63D72331-FDF3-4C5B-94BB-DF76D96EE262}.Debug|Any CPU.Build.0 = Debug|Any CPU
		{63D72331-FDF3-4C5B-94BB-DF76D96EE262}.Release|Any CPU.ActiveCfg = Release|Any CPU
		{63D72331-FDF3-4C5B-94BB-DF76D96EE262}.Release|Any CPU.Build.0 = Release|Any CPU
		{CFF23FB2-FDE6-4104-85A8-5A3E45D87DBA}.Debug|Any CPU.ActiveCfg = Debug|Any CPU
		{CFF23FB2-FDE6-4104-85A8-5A3E45D87DBA}.Debug|Any CPU.Build.0 = Debug|Any CPU
		{CFF23FB2-FDE6-4104-85A8-5A3E45D87DBA}.Release|Any CPU.ActiveCfg = Release|Any CPU
		{CFF23FB2-FDE6-4104-85A8-5A3E45D87DBA}.Release|Any CPU.Build.0 = Release|Any CPU
		{DF14AACE-E975-4931-BF9C-B50F2AE4A97A}.Debug|Any CPU.ActiveCfg = Debug|Any CPU
		{DF14AACE-E975-4931-BF9C-B50F2AE4A97A}.Debug|Any CPU.Build.0 = Debug|Any CPU
		{DF14AACE-E975-4931-BF9C-B50F2AE4A97A}.Release|Any CPU.ActiveCfg = Release|Any CPU
		{DF14AACE-E975-4931-BF9C-B50F2AE4A97A}.Release|Any CPU.Build.0 = Release|Any CPU
		{12869BAE-B70C-425D-BCA5-EA2FBCA6C382}.Debug|Any CPU.ActiveCfg = Debug|Any CPU
		{12869BAE-B70C-425D-BCA5-EA2FBCA6C382}.Debug|Any CPU.Build.0 = Debug|Any CPU
		{12869BAE-B70C-425D-BCA5-EA2FBCA6C382}.Release|Any CPU.ActiveCfg = Release|Any CPU
		{12869BAE-B70C-425D-BCA5-EA2FBCA6C382}.Release|Any CPU.Build.0 = Release|Any CPU
		{9F21678B-CC94-4156-B6F8-A0B766D5FEF1}.Debug|Any CPU.ActiveCfg = Debug|Any CPU
		{9F21678B-CC94-4156-B6F8-A0B766D5FEF1}.Debug|Any CPU.Build.0 = Debug|Any CPU
		{9F21678B-CC94-4156-B6F8-A0B766D5FEF1}.Release|Any CPU.ActiveCfg = Release|Any CPU
		{9F21678B-CC94-4156-B6F8-A0B766D5FEF1}.Release|Any CPU.Build.0 = Release|Any CPU
	EndGlobalSection
	GlobalSection(SolutionProperties) = preSolution
		HideSolutionNode = FALSE
	EndGlobalSection
	GlobalSection(ExtensibilityGlobals) = postSolution
		SolutionGuid = {EF395648-B092-4325-8FE5-C932F4A2DDB1}
	EndGlobalSection
EndGlobal
